
Microsoft Visual Studio Solution File, Format Version 12.00
# Visual Studio Version 17
VisualStudioVersion = 17.5.33516.290
MinimumVisualStudioVersion = 10.0.40219.1
Project("{FAE04EC0-301F-11D3-BF4B-00C04F79EFBC}") = "MyApiService", "MyApiService.csproj", "{30C255B3-24D3-4F09-8982-D084793530A4}"
EndProject
Project("{FAE04EC0-301F-11D3-BF4B-00C04F79EFBC}") = "Services", "..\Services\Services.csproj", "{55D80604-0ADB-4C89-A07A-17DFA738D763}"
EndProject
Project("{FAE04EC0-301F-11D3-BF4B-00C04F79EFBC}") = "DataAccess", "..\DataAccess\DataAccess.csproj", "{8F83E545-9F15-48B4-9A86-6A6566F4D849}"
EndProject
Global
	GlobalSection(SolutionConfigurationPlatforms) = preSolution
		Debug|Any CPU = Debug|Any CPU
		Release|Any CPU = Release|Any CPU
	EndGlobalSection
	GlobalSection(ProjectConfigurationPlatforms) = postSolution
		{30C255B3-24D3-4F09-8982-D084793530A4}.Debug|Any CPU.ActiveCfg = Debug|Any CPU
		{30C255B3-24D3-4F09-8982-D084793530A4}.Debug|Any CPU.Build.0 = Debug|Any CPU
		{30C255B3-24D3-4F09-8982-D084793530A4}.Release|Any CPU.ActiveCfg = Release|Any CPU
		{30C255B3-24D3-4F09-8982-D084793530A4}.Release|Any CPU.Build.0 = Release|Any CPU
		{55D80604-0ADB-4C89-A07A-17DFA738D763}.Debug|Any CPU.ActiveCfg = Debug|Any CPU
		{55D80604-0ADB-4C89-A07A-17DFA738D763}.Debug|Any CPU.Build.0 = Debug|Any CPU
		{55D80604-0ADB-4C89-A07A-17DFA738D763}.Release|Any CPU.ActiveCfg = Release|Any CPU
		{55D80604-0ADB-4C89-A07A-17DFA738D763}.Release|Any CPU.Build.0 = Release|Any CPU
		{8F83E545-9F15-48B4-9A86-6A6566F4D849}.Debug|Any CPU.ActiveCfg = Debug|Any CPU
		{8F83E545-9F15-48B4-9A86-6A6566F4D849}.Debug|Any CPU.Build.0 = Debug|Any CPU
		{8F83E545-9F15-48B4-9A86-6A6566F4D849}.Release|Any CPU.ActiveCfg = Release|Any CPU
		{8F83E545-9F15-48B4-9A86-6A6566F4D849}.Release|Any CPU.Build.0 = Release|Any CPU
	EndGlobalSection
	GlobalSection(SolutionProperties) = preSolution
		HideSolutionNode = FALSE
	EndGlobalSection
	GlobalSection(ExtensibilityGlobals) = postSolution
		SolutionGuid = {B07B79D7-14B8-4EDD-B3A8-3CA89B5FECCE}
	EndGlobalSection
EndGlobal
